
Microsoft Visual Studio Solution File, Format Version 12.00
# Visual Studio Version 16
VisualStudioVersion = 16.0.29613.14
MinimumVisualStudioVersion = 10.0.40219.1
Project("{9A19103F-16F7-4668-BE54-9A1E7A4F7556}") = "Alquimista", "Alquimista.csproj", "{C3BA2CAB-CA0F-48D0-91E6-F92068DD088F}"
EndProject
Global
	GlobalSection(SolutionConfigurationPlatforms) = preSolution
		Debug|Any CPU = Debug|Any CPU
		Release|Any CPU = Release|Any CPU
	EndGlobalSection
	GlobalSection(ProjectConfigurationPlatforms) = postSolution
		{C3BA2CAB-CA0F-48D0-91E6-F92068DD088F}.Debug|Any CPU.ActiveCfg = Debug|Any CPU
		{C3BA2CAB-CA0F-48D0-91E6-F92068DD088F}.Debug|Any CPU.Build.0 = Debug|Any CPU
		{C3BA2CAB-CA0F-48D0-91E6-F92068DD088F}.Release|Any CPU.ActiveCfg = Release|Any CPU
		{C3BA2CAB-CA0F-48D0-91E6-F92068DD088F}.Release|Any CPU.Build.0 = Release|Any CPU
	EndGlobalSection
	GlobalSection(SolutionProperties) = preSolution
		HideSolutionNode = FALSE
	EndGlobalSection
	GlobalSection(ExtensibilityGlobals) = postSolution
		SolutionGuid = {AA574489-3D96-4582-BA08-A39C580D51E1}
	EndGlobalSection
EndGlobal
